
Microsoft Visual Studio Solution File, Format Version 12.00
# Visual Studio 15
VisualStudioVersion = 15.0.28307.438
MinimumVisualStudioVersion = 10.0.40219.1
Project("{FAE04EC0-301F-11D3-BF4B-00C04F79EFBC}") = "Madra.Android", "Madra\Madra.Android\Madra.Android.csproj", "{D7DBB6BF-01C8-4624-994A-4A4221DB5D75}"
EndProject
Project("{FAE04EC0-301F-11D3-BF4B-00C04F79EFBC}") = "Madra.iOS", "Madra\Madra.iOS\Madra.iOS.csproj", "{8D6F64B1-DCDE-48CC-AC59-8F5E291C4ABC}"
EndProject
Project("{FAE04EC0-301F-11D3-BF4B-00C04F79EFBC}") = "Madra.UWP", "Madra\Madra.UWP\Madra.UWP.csproj", "{8D0F394B-5AB8-4578-9323-C2B37BD4DD02}"
EndProject
Project("{9A19103F-16F7-4668-BE54-9A1E7A4F7556}") = "Madra", "Madra\Madra\Madra.csproj", "{6C19E981-08A1-49D5-9FB7-A67010ECD595}"
EndProject
Global
	GlobalSection(SolutionConfigurationPlatforms) = preSolution
		Ad-Hoc|Any CPU = Ad-Hoc|Any CPU
		Ad-Hoc|ARM = Ad-Hoc|ARM
		Ad-Hoc|iPhone = Ad-Hoc|iPhone
		Ad-Hoc|iPhoneSimulator = Ad-Hoc|iPhoneSimulator
		Ad-Hoc|x64 = Ad-Hoc|x64
		Ad-Hoc|x86 = Ad-Hoc|x86
		AppStore|Any CPU = AppStore|Any CPU
		AppStore|ARM = AppStore|ARM
		AppStore|iPhone = AppStore|iPhone
		AppStore|iPhoneSimulator = AppStore|iPhoneSimulator
		AppStore|x64 = AppStore|x64
		AppStore|x86 = AppStore|x86
		Debug|Any CPU = Debug|Any CPU
		Debug|ARM = Debug|ARM
		Debug|iPhone = Debug|iPhone
		Debug|iPhoneSimulator = Debug|iPhoneSimulator
		Debug|x64 = Debug|x64
		Debug|x86 = Debug|x86
		Release|Any CPU = Release|Any CPU
		Release|ARM = Release|ARM
		Release|iPhone = Release|iPhone
		Release|iPhoneSimulator = Release|iPhoneSimulator
		Release|x64 = Release|x64
		Release|x86 = Release|x86
	EndGlobalSection
	GlobalSection(ProjectConfigurationPlatforms) = postSolution
		{D7DBB6BF-01C8-4624-994A-4A4221DB5D75}.Ad-Hoc|Any CPU.ActiveCfg = Release|Any CPU
		{D7DBB6BF-01C8-4624-994A-4A4221DB5D75}.Ad-Hoc|Any CPU.Build.0 = Release|Any CPU
		{D7DBB6BF-01C8-4624-994A-4A4221DB5D75}.Ad-Hoc|Any CPU.Deploy.0 = Release|Any CPU
		{D7DBB6BF-01C8-4624-994A-4A4221DB5D75}.Ad-Hoc|ARM.ActiveCfg = Release|Any CPU
		{D7DBB6BF-01C8-4624-994A-4A4221DB5D75}.Ad-Hoc|ARM.Build.0 = Release|Any CPU
		{D7DBB6BF-01C8-4624-994A-4A4221DB5D75}.Ad-Hoc|ARM.Deploy.0 = Release|Any CPU
		{D7DBB6BF-01C8-4624-994A-4A4221DB5D75}.Ad-Hoc|iPhone.ActiveCfg = Release|Any CPU
		{D7DBB6BF-01C8-4624-994A-4A4221DB5D75}.Ad-Hoc|iPhone.Build.0 = Release|Any CPU
		{D7DBB6BF-01C8-4624-994A-4A4221DB5D75}.Ad-Hoc|iPhone.Deploy.0 = Release|Any CPU
		{D7DBB6BF-01C8-4624-994A-4A4221DB5D75}.Ad-Hoc|iPhoneSimulator.ActiveCfg = Release|Any CPU
		{D7DBB6BF-01C8-4624-994A-4A4221DB5D75}.Ad-Hoc|iPhoneSimulator.Build.0 = Release|Any CPU
		{D7DBB6BF-01C8-4624-994A-4A4221DB5D75}.Ad-Hoc|iPhoneSimulator.Deploy.0 = Release|Any CPU
		{D7DBB6BF-01C8-4624-994A-4A4221DB5D75}.Ad-Hoc|x64.ActiveCfg = Release|Any CPU
		{D7DBB6BF-01C8-4624-994A-4A4221DB5D75}.Ad-Hoc|x64.Build.0 = Release|Any CPU
		{D7DBB6BF-01C8-4624-994A-4A4221DB5D75}.Ad-Hoc|x64.Deploy.0 = Release|Any CPU
		{D7DBB6BF-01C8-4624-994A-4A4221DB5D75}.Ad-Hoc|x86.ActiveCfg = Release|Any CPU
		{D7DBB6BF-01C8-4624-994A-4A4221DB5D75}.Ad-Hoc|x86.Build.0 = Release|Any CPU
		{D7DBB6BF-01C8-4624-994A-4A4221DB5D75}.Ad-Hoc|x86.Deploy.0 = Release|Any CPU
		{D7DBB6BF-01C8-4624-994A-4A4221DB5D75}.AppStore|Any CPU.ActiveCfg = Release|Any CPU
		{D7DBB6BF-01C8-4624-994A-4A4221DB5D75}.AppStore|Any CPU.Build.0 = Release|Any CPU
		{D7DBB6BF-01C8-4624-994A-4A4221DB5D75}.AppStore|Any CPU.Deploy.0 = Release|Any CPU
		{D7DBB6BF-01C8-4624-994A-4A4221DB5D75}.AppStore|ARM.ActiveCfg = Release|Any CPU
		{D7DBB6BF-01C8-4624-994A-4A4221DB5D75}.AppStore|ARM.Build.0 = Release|Any CPU
		{D7DBB6BF-01C8-4624-994A-4A4221DB5D75}.AppStore|ARM.Deploy.0 = Release|Any CPU
		{D7DBB6BF-01C8-4624-994A-4A4221DB5D75}.AppStore|iPhone.ActiveCfg = Release|Any CPU
		{D7DBB6BF-01C8-4624-994A-4A4221DB5D75}.AppStore|iPhone.Build.0 = Release|Any CPU
		{D7DBB6BF-01C8-4624-994A-4A4221DB5D75}.AppStore|iPhone.Deploy.0 = Release|Any CPU
		{D7DBB6BF-01C8-4624-994A-4A4221DB5D75}.AppStore|iPhoneSimulator.ActiveCfg = Release|Any CPU
		{D7DBB6BF-01C8-4624-994A-4A4221DB5D75}.AppStore|iPhoneSimulator.Build.0 = Release|Any CPU
		{D7DBB6BF-01C8-4624-994A-4A4221DB5D75}.AppStore|iPhoneSimulator.Deploy.0 = Release|Any CPU
		{D7DBB6BF-01C8-4624-994A-4A4221DB5D75}.AppStore|x64.ActiveCfg = Release|Any CPU
		{D7DBB6BF-01C8-4624-994A-4A4221DB5D75}.AppStore|x64.Build.0 = Release|Any CPU
		{D7DBB6BF-01C8-4624-994A-4A4221DB5D75}.AppStore|x64.Deploy.0 = Release|Any CPU
		{D7DBB6BF-01C8-4624-994A-4A4221DB5D75}.AppStore|x86.ActiveCfg = Release|Any CPU
		{D7DBB6BF-01C8-4624-994A-4A4221DB5D75}.AppStore|x86.Build.0 = Release|Any CPU
		{D7DBB6BF-01C8-4624-994A-4A4221DB5D75}.AppStore|x86.Deploy.0 = Release|Any CPU
		{D7DBB6BF-01C8-4624-994A-4A4221DB5D75}.Debug|Any CPU.ActiveCfg = Debug|Any CPU
		{D7DBB6BF-01C8-4624-994A-4A4221DB5D75}.Debug|Any CPU.Build.0 = Debug|Any CPU
		{D7DBB6BF-01C8-4624-994A-4A4221DB5D75}.Debug|Any CPU.Deploy.0 = Debug|Any CPU
		{D7DBB6BF-01C8-4624-994A-4A4221DB5D75}.Debug|ARM.ActiveCfg = Debug|Any CPU
		{D7DBB6BF-01C8-4624-994A-4A4221DB5D75}.Debug|ARM.Build.0 = Debug|Any CPU
		{D7DBB6BF-01C8-4624-994A-4A4221DB5D75}.Debug|ARM.Deploy.0 = Debug|Any CPU
		{D7DBB6BF-01C8-4624-994A-4A4221DB5D75}.Debug|iPhone.ActiveCfg = Debug|Any CPU
		{D7DBB6BF-01C8-4624-994A-4A4221DB5D75}.Debug|iPhone.Build.0 = Debug|Any CPU
		{D7DBB6BF-01C8-4624-994A-4A4221DB5D75}.Debug|iPhone.Deploy.0 = Debug|Any CPU
		{D7DBB6BF-01C8-4624-994A-4A4221DB5D75}.Debug|iPhoneSimulator.ActiveCfg = Debug|Any CPU
		{D7DBB6BF-01C8-4624-994A-4A4221DB5D75}.Debug|iPhoneSimulator.Build.0 = Debug|Any CPU
		{D7DBB6BF-01C8-4624-994A-4A4221DB5D75}.Debug|iPhoneSimulator.Deploy.0 = Debug|Any CPU
		{D7DBB6BF-01C8-4624-994A-4A4221DB5D75}.Debug|x64.ActiveCfg = Debug|Any CPU
		{D7DBB6BF-01C8-4624-994A-4A4221DB5D75}.Debug|x64.Build.0 = Debug|Any CPU
		{D7DBB6BF-01C8-4624-994A-4A4221DB5D75}.Debug|x64.Deploy.0 = Debug|Any CPU
		{D7DBB6BF-01C8-4624-994A-4A4221DB5D75}.Debug|x86.ActiveCfg = Debug|Any CPU
		{D7DBB6BF-01C8-4624-994A-4A4221DB5D75}.Debug|x86.Build.0 = Debug|Any CPU
		{D7DBB6BF-01C8-4624-994A-4A4221DB5D75}.Debug|x86.Deploy.0 = Debug|Any CPU
		{D7DBB6BF-01C8-4624-994A-4A4221DB5D75}.Release|Any CPU.ActiveCfg = Release|Any CPU
		{D7DBB6BF-01C8-4624-994A-4A4221DB5D75}.Release|Any CPU.Build.0 = Release|Any CPU
		{D7DBB6BF-01C8-4624-994A-4A4221DB5D75}.Release|Any CPU.Deploy.0 = Release|Any CPU
		{D7DBB6BF-01C8-4624-994A-4A4221DB5D75}.Release|ARM.ActiveCfg = Release|Any CPU
		{D7DBB6BF-01C8-4624-994A-4A4221DB5D75}.Release|ARM.Build.0 = Release|Any CPU
		{D7DBB6BF-01C8-4624-994A-4A4221DB5D75}.Release|ARM.Deploy.0 = Release|Any CPU
		{D7DBB6BF-01C8-4624-994A-4A4221DB5D75}.Release|iPhone.ActiveCfg = Release|Any CPU
		{D7DBB6BF-01C8-4624-994A-4A4221DB5D75}.Release|iPhone.Build.0 = Release|Any CPU
		{D7DBB6BF-01C8-4624-994A-4A4221DB5D75}.Release|iPhone.Deploy.0 = Release|Any CPU
		{D7DBB6BF-01C8-4624-994A-4A4221DB5D75}.Release|iPhoneSimulator.ActiveCfg = Release|Any CPU
		{D7DBB6BF-01C8-4624-994A-4A4221DB5D75}.Release|iPhoneSimulator.Build.0 = Release|Any CPU
		{D7DBB6BF-01C8-4624-994A-4A4221DB5D75}.Release|iPhoneSimulator.Deploy.0 = Release|Any CPU
		{D7DBB6BF-01C8-4624-994A-4A4221DB5D75}.Release|x64.ActiveCfg = Release|Any CPU
		{D7DBB6BF-01C8-4624-994A-4A4221DB5D75}.Release|x64.Build.0 = Release|Any CPU
		{D7DBB6BF-01C8-4624-994A-4A4221DB5D75}.Release|x64.Deploy.0 = Release|Any CPU
		{D7DBB6BF-01C8-4624-994A-4A4221DB5D75}.Release|x86.ActiveCfg = Release|Any CPU
		{D7DBB6BF-01C8-4624-994A-4A4221DB5D75}.Release|x86.Build.0 = Release|Any CPU
		{D7DBB6BF-01C8-4624-994A-4A4221DB5D75}.Release|x86.Deploy.0 = Release|Any CPU
		{8D6F64B1-DCDE-48CC-AC59-8F5E291C4ABC}.Ad-Hoc|Any CPU.ActiveCfg = Ad-Hoc|iPhone
		{8D6F64B1-DCDE-48CC-AC59-8F5E291C4ABC}.Ad-Hoc|Any CPU.Build.0 = Ad-Hoc|iPhone
		{8D6F64B1-DCDE-48CC-AC59-8F5E291C4ABC}.Ad-Hoc|Any CPU.Deploy.0 = Ad-Hoc|iPhone
		{8D6F64B1-DCDE-48CC-AC59-8F5E291C4ABC}.Ad-Hoc|ARM.ActiveCfg = Ad-Hoc|iPhone
		{8D6F64B1-DCDE-48CC-AC59-8F5E291C4ABC}.Ad-Hoc|ARM.Build.0 = Ad-Hoc|iPhone
		{8D6F64B1-DCDE-48CC-AC59-8F5E291C4ABC}.Ad-Hoc|ARM.Deploy.0 = Ad-Hoc|iPhone
		{8D6F64B1-DCDE-48CC-AC59-8F5E291C4ABC}.Ad-Hoc|iPhone.ActiveCfg = Ad-Hoc|iPhone
		{8D6F64B1-DCDE-48CC-AC59-8F5E291C4ABC}.Ad-Hoc|iPhone.Build.0 = Ad-Hoc|iPhone
		{8D6F64B1-DCDE-48CC-AC59-8F5E291C4ABC}.Ad-Hoc|iPhone.Deploy.0 = Ad-Hoc|iPhone
		{8D6F64B1-DCDE-48CC-AC59-8F5E291C4ABC}.Ad-Hoc|iPhoneSimulator.ActiveCfg = Ad-Hoc|iPhoneSimulator
		{8D6F64B1-DCDE-48CC-AC59-8F5E291C4ABC}.Ad-Hoc|iPhoneSimulator.Build.0 = Ad-Hoc|iPhoneSimulator
		{8D6F64B1-DCDE-48CC-AC59-8F5E291C4ABC}.Ad-Hoc|iPhoneSimulator.Deploy.0 = Ad-Hoc|iPhoneSimulator
		{8D6F64B1-DCDE-48CC-AC59-8F5E291C4ABC}.Ad-Hoc|x64.ActiveCfg = Ad-Hoc|iPhone
		{8D6F64B1-DCDE-48CC-AC59-8F5E291C4ABC}.Ad-Hoc|x64.Build.0 = Ad-Hoc|iPhone
		{8D6F64B1-DCDE-48CC-AC59-8F5E291C4ABC}.Ad-Hoc|x64.Deploy.0 = Ad-Hoc|iPhone
		{8D6F64B1-DCDE-48CC-AC59-8F5E291C4ABC}.Ad-Hoc|x86.ActiveCfg = Ad-Hoc|iPhone
		{8D6F64B1-DCDE-48CC-AC59-8F5E291C4ABC}.Ad-Hoc|x86.Build.0 = Ad-Hoc|iPhone
		{8D6F64B1-DCDE-48CC-AC59-8F5E291C4ABC}.Ad-Hoc|x86.Deploy.0 = Ad-Hoc|iPhone
		{8D6F64B1-DCDE-48CC-AC59-8F5E291C4ABC}.AppStore|Any CPU.ActiveCfg = AppStore|iPhone
		{8D6F64B1-DCDE-48CC-AC59-8F5E291C4ABC}.AppStore|Any CPU.Build.0 = AppStore|iPhone
		{8D6F64B1-DCDE-48CC-AC59-8F5E291C4ABC}.AppStore|Any CPU.Deploy.0 = AppStore|iPhone
		{8D6F64B1-DCDE-48CC-AC59-8F5E291C4ABC}.AppStore|ARM.ActiveCfg = AppStore|iPhone
		{8D6F64B1-DCDE-48CC-AC59-8F5E291C4ABC}.AppStore|ARM.Build.0 = AppStore|iPhone
		{8D6F64B1-DCDE-48CC-AC59-8F5E291C4ABC}.AppStore|ARM.Deploy.0 = AppStore|iPhone
		{8D6F64B1-DCDE-48CC-AC59-8F5E291C4ABC}.AppStore|iPhone.ActiveCfg = AppStore|iPhone
		{8D6F64B1-DCDE-48CC-AC59-8F5E291C4ABC}.AppStore|iPhone.Build.0 = AppStore|iPhone
		{8D6F64B1-DCDE-48CC-AC59-8F5E291C4ABC}.AppStore|iPhone.Deploy.0 = AppStore|iPhone
		{8D6F64B1-DCDE-48CC-AC59-8F5E291C4ABC}.AppStore|iPhoneSimulator.ActiveCfg = AppStore|iPhoneSimulator
		{8D6F64B1-DCDE-48CC-AC59-8F5E291C4ABC}.AppStore|iPhoneSimulator.Build.0 = AppStore|iPhoneSimulator
		{8D6F64B1-DCDE-48CC-AC59-8F5E291C4ABC}.AppStore|iPhoneSimulator.Deploy.0 = AppStore|iPhoneSimulator
		{8D6F64B1-DCDE-48CC-AC59-8F5E291C4ABC}.AppStore|x64.ActiveCfg = AppStore|iPhone
		{8D6F64B1-DCDE-48CC-AC59-8F5E291C4ABC}.AppStore|x64.Build.0 = AppStore|iPhone
		{8D6F64B1-DCDE-48CC-AC59-8F5E291C4ABC}.AppStore|x64.Deploy.0 = AppStore|iPhone
		{8D6F64B1-DCDE-48CC-AC59-8F5E291C4ABC}.AppStore|x86.ActiveCfg = AppStore|iPhone
		{8D6F64B1-DCDE-48CC-AC59-8F5E291C4ABC}.AppStore|x86.Build.0 = AppStore|iPhone
		{8D6F64B1-DCDE-48CC-AC59-8F5E291C4ABC}.AppStore|x86.Deploy.0 = AppStore|iPhone
		{8D6F64B1-DCDE-48CC-AC59-8F5E291C4ABC}.Debug|Any CPU.ActiveCfg = Debug|iPhoneSimulator
		{8D6F64B1-DCDE-48CC-AC59-8F5E291C4ABC}.Debug|Any CPU.Build.0 = Debug|iPhoneSimulator
		{8D6F64B1-DCDE-48CC-AC59-8F5E291C4ABC}.Debug|Any CPU.Deploy.0 = Debug|iPhoneSimulator
		{8D6F64B1-DCDE-48CC-AC59-8F5E291C4ABC}.Debug|ARM.ActiveCfg = Debug|iPhone
		{8D6F64B1-DCDE-48CC-AC59-8F5E291C4ABC}.Debug|ARM.Build.0 = Debug|iPhone
		{8D6F64B1-DCDE-48CC-AC59-8F5E291C4ABC}.Debug|ARM.Deploy.0 = Debug|iPhone
		{8D6F64B1-DCDE-48CC-AC59-8F5E291C4ABC}.Debug|iPhone.ActiveCfg = Debug|iPhone
		{8D6F64B1-DCDE-48CC-AC59-8F5E291C4ABC}.Debug|iPhone.Build.0 = Debug|iPhone
		{8D6F64B1-DCDE-48CC-AC59-8F5E291C4ABC}.Debug|iPhone.Deploy.0 = Debug|iPhone
		{8D6F64B1-DCDE-48CC-AC59-8F5E291C4ABC}.Debug|iPhoneSimulator.ActiveCfg = Debug|iPhoneSimulator
		{8D6F64B1-DCDE-48CC-AC59-8F5E291C4ABC}.Debug|iPhoneSimulator.Build.0 = Debug|iPhoneSimulator
		{8D6F64B1-DCDE-48CC-AC59-8F5E291C4ABC}.Debug|iPhoneSimulator.Deploy.0 = Debug|iPhoneSimulator
		{8D6F64B1-DCDE-48CC-AC59-8F5E291C4ABC}.Debug|x64.ActiveCfg = Debug|iPhone
		{8D6F64B1-DCDE-48CC-AC59-8F5E291C4ABC}.Debug|x64.Build.0 = Debug|iPhone
		{8D6F64B1-DCDE-48CC-AC59-8F5E291C4ABC}.Debug|x64.Deploy.0 = Debug|iPhone
		{8D6F64B1-DCDE-48CC-AC59-8F5E291C4ABC}.Debug|x86.ActiveCfg = Debug|iPhone
		{8D6F64B1-DCDE-48CC-AC59-8F5E291C4ABC}.Debug|x86.Build.0 = Debug|iPhone
		{8D6F64B1-DCDE-48CC-AC59-8F5E291C4ABC}.Debug|x86.Deploy.0 = Debug|iPhone
		{8D6F64B1-DCDE-48CC-AC59-8F5E291C4ABC}.Release|Any CPU.ActiveCfg = Release|iPhone
		{8D6F64B1-DCDE-48CC-AC59-8F5E291C4ABC}.Release|Any CPU.Build.0 = Release|iPhone
		{8D6F64B1-DCDE-48CC-AC59-8F5E291C4ABC}.Release|Any CPU.Deploy.0 = Release|iPhone
		{8D6F64B1-DCDE-48CC-AC59-8F5E291C4ABC}.Release|ARM.ActiveCfg = Release|iPhone
		{8D6F64B1-DCDE-48CC-AC59-8F5E291C4ABC}.Release|ARM.Build.0 = Release|iPhone
		{8D6F64B1-DCDE-48CC-AC59-8F5E291C4ABC}.Release|ARM.Deploy.0 = Release|iPhone
		{8D6F64B1-DCDE-48CC-AC59-8F5E291C4ABC}.Release|iPhone.ActiveCfg = Release|iPhone
		{8D6F64B1-DCDE-48CC-AC59-8F5E291C4ABC}.Release|iPhone.Build.0 = Release|iPhone
		{8D6F64B1-DCDE-48CC-AC59-8F5E291C4ABC}.Release|iPhone.Deploy.0 = Release|iPhone
		{8D6F64B1-DCDE-48CC-AC59-8F5E291C4ABC}.Release|iPhoneSimulator.ActiveCfg = Release|iPhoneSimulator
		{8D6F64B1-DCDE-48CC-AC59-8F5E291C4ABC}.Release|iPhoneSimulator.Build.0 = Release|iPhoneSimulator
		{8D6F64B1-DCDE-48CC-AC59-8F5E291C4ABC}.Release|iPhoneSimulator.Deploy.0 = Release|iPhoneSimulator
		{8D6F64B1-DCDE-48CC-AC59-8F5E291C4ABC}.Release|x64.ActiveCfg = Release|iPhone
		{8D6F64B1-DCDE-48CC-AC59-8F5E291C4ABC}.Release|x64.Build.0 = Release|iPhone
		{8D6F64B1-DCDE-48CC-AC59-8F5E291C4ABC}.Release|x64.Deploy.0 = Release|iPhone
		{8D6F64B1-DCDE-48CC-AC59-8F5E291C4ABC}.Release|x86.ActiveCfg = Release|iPhone
		{8D6F64B1-DCDE-48CC-AC59-8F5E291C4ABC}.Release|x86.Build.0 = Release|iPhone
		{8D6F64B1-DCDE-48CC-AC59-8F5E291C4ABC}.Release|x86.Deploy.0 = Release|iPhone
		{8D0F394B-5AB8-4578-9323-C2B37BD4DD02}.Ad-Hoc|Any CPU.ActiveCfg = Release|x86
		{8D0F394B-5AB8-4578-9323-C2B37BD4DD02}.Ad-Hoc|Any CPU.Build.0 = Release|x86
		{8D0F394B-5AB8-4578-9323-C2B37BD4DD02}.Ad-Hoc|Any CPU.Deploy.0 = Release|x86
		{8D0F394B-5AB8-4578-9323-C2B37BD4DD02}.Ad-Hoc|ARM.ActiveCfg = Release|ARM
		{8D0F394B-5AB8-4578-9323-C2B37BD4DD02}.Ad-Hoc|ARM.Build.0 = Release|ARM
		{8D0F394B-5AB8-4578-9323-C2B37BD4DD02}.Ad-Hoc|ARM.Deploy.0 = Release|ARM
		{8D0F394B-5AB8-4578-9323-C2B37BD4DD02}.Ad-Hoc|iPhone.ActiveCfg = Release|x86
		{8D0F394B-5AB8-4578-9323-C2B37BD4DD02}.Ad-Hoc|iPhone.Build.0 = Release|x86
		{8D0F394B-5AB8-4578-9323-C2B37BD4DD02}.Ad-Hoc|iPhone.Deploy.0 = Release|x86
		{8D0F394B-5AB8-4578-9323-C2B37BD4DD02}.Ad-Hoc|iPhoneSimulator.ActiveCfg = Release|x86
		{8D0F394B-5AB8-4578-9323-C2B37BD4DD02}.Ad-Hoc|iPhoneSimulator.Build.0 = Release|x86
		{8D0F394B-5AB8-4578-9323-C2B37BD4DD02}.Ad-Hoc|iPhoneSimulator.Deploy.0 = Release|x86
		{8D0F394B-5AB8-4578-9323-C2B37BD4DD02}.Ad-Hoc|x64.ActiveCfg = Release|x64
		{8D0F394B-5AB8-4578-9323-C2B37BD4DD02}.Ad-Hoc|x64.Build.0 = Release|x64
		{8D0F394B-5AB8-4578-9323-C2B37BD4DD02}.Ad-Hoc|x64.Deploy.0 = Release|x64
		{8D0F394B-5AB8-4578-9323-C2B37BD4DD02}.Ad-Hoc|x86.ActiveCfg = Release|x86
		{8D0F394B-5AB8-4578-9323-C2B37BD4DD02}.Ad-Hoc|x86.Build.0 = Release|x86
		{8D0F394B-5AB8-4578-9323-C2B37BD4DD02}.Ad-Hoc|x86.Deploy.0 = Release|x86
		{8D0F394B-5AB8-4578-9323-C2B37BD4DD02}.AppStore|Any CPU.ActiveCfg = Release|x86
		{8D0F394B-5AB8-4578-9323-C2B37BD4DD02}.AppStore|Any CPU.Build.0 = Release|x86
		{8D0F394B-5AB8-4578-9323-C2B37BD4DD02}.AppStore|Any CPU.Deploy.0 = Release|x86
		{8D0F394B-5AB8-4578-9323-C2B37BD4DD02}.AppStore|ARM.ActiveCfg = Release|ARM
		{8D0F394B-5AB8-4578-9323-C2B37BD4DD02}.AppStore|ARM.Build.0 = Release|ARM
		{8D0F394B-5AB8-4578-9323-C2B37BD4DD02}.AppStore|ARM.Deploy.0 = Release|ARM
		{8D0F394B-5AB8-4578-9323-C2B37BD4DD02}.AppStore|iPhone.ActiveCfg = Release|x86
		{8D0F394B-5AB8-4578-9323-C2B37BD4DD02}.AppStore|iPhone.Build.0 = Release|x86
		{8D0F394B-5AB8-4578-9323-C2B37BD4DD02}.AppStore|iPhone.Deploy.0 = Release|x86
		{8D0F394B-5AB8-4578-9323-C2B37BD4DD02}.AppStore|iPhoneSimulator.ActiveCfg = Release|x86
		{8D0F394B-5AB8-4578-9323-C2B37BD4DD02}.AppStore|iPhoneSimulator.Build.0 = Release|x86
		{8D0F394B-5AB8-4578-9323-C2B37BD4DD02}.AppStore|iPhoneSimulator.Deploy.0 = Release|x86
		{8D0F394B-5AB8-4578-9323-C2B37BD4DD02}.AppStore|x64.ActiveCfg = Release|x64
		{8D0F394B-5AB8-4578-9323-C2B37BD4DD02}.AppStore|x64.Build.0 = Release|x64
		{8D0F394B-5AB8-4578-9323-C2B37BD4DD02}.AppStore|x64.Deploy.0 = Release|x64
		{8D0F394B-5AB8-4578-9323-C2B37BD4DD02}.AppStore|x86.ActiveCfg = Release|x86
		{8D0F394B-5AB8-4578-9323-C2B37BD4DD02}.AppStore|x86.Build.0 = Release|x86
		{8D0F394B-5AB8-4578-9323-C2B37BD4DD02}.AppStore|x86.Deploy.0 = Release|x86
		{8D0F394B-5AB8-4578-9323-C2B37BD4DD02}.Debug|Any CPU.ActiveCfg = Debug|x86
		{8D0F394B-5AB8-4578-9323-C2B37BD4DD02}.Debug|Any CPU.Build.0 = Debug|x86
		{8D0F394B-5AB8-4578-9323-C2B37BD4DD02}.Debug|Any CPU.Deploy.0 = Debug|x86
		{8D0F394B-5AB8-4578-9323-C2B37BD4DD02}.Debug|ARM.ActiveCfg = Debug|ARM
		{8D0F394B-5AB8-4578-9323-C2B37BD4DD02}.Debug|ARM.Build.0 = Debug|ARM
		{8D0F394B-5AB8-4578-9323-C2B37BD4DD02}.Debug|ARM.Deploy.0 = Debug|ARM
		{8D0F394B-5AB8-4578-9323-C2B37BD4DD02}.Debug|iPhone.ActiveCfg = Debug|x86
		{8D0F394B-5AB8-4578-9323-C2B37BD4DD02}.Debug|iPhone.Build.0 = Debug|x86
		{8D0F394B-5AB8-4578-9323-C2B37BD4DD02}.Debug|iPhone.Deploy.0 = Debug|x86
		{8D0F394B-5AB8-4578-9323-C2B37BD4DD02}.Debug|iPhoneSimulator.ActiveCfg = Debug|x86
		{8D0F394B-5AB8-4578-9323-C2B37BD4DD02}.Debug|iPhoneSimulator.Build.0 = Debug|x86
		{8D0F394B-5AB8-4578-9323-C2B37BD4DD02}.Debug|iPhoneSimulator.Deploy.0 = Debug|x86
		{8D0F394B-5AB8-4578-9323-C2B37BD4DD02}.Debug|x64.ActiveCfg = Debug|x64
		{8D0F394B-5AB8-4578-9323-C2B37BD4DD02}.Debug|x64.Build.0 = Debug|x64
		{8D0F394B-5AB8-4578-9323-C2B37BD4DD02}.Debug|x64.Deploy.0 = Debug|x64
		{8D0F394B-5AB8-4578-9323-C2B37BD4DD02}.Debug|x86.ActiveCfg = Debug|x86
		{8D0F394B-5AB8-4578-9323-C2B37BD4DD02}.Debug|x86.Build.0 = Debug|x86
		{8D0F394B-5AB8-4578-9323-C2B37BD4DD02}.Debug|x86.Deploy.0 = Debug|x86
		{8D0F394B-5AB8-4578-9323-C2B37BD4DD02}.Release|Any CPU.ActiveCfg = Release|x86
		{8D0F394B-5AB8-4578-9323-C2B37BD4DD02}.Release|Any CPU.Build.0 = Release|x86
		{8D0F394B-5AB8-4578-9323-C2B37BD4DD02}.Release|Any CPU.Deploy.0 = Release|x86
		{8D0F394B-5AB8-4578-9323-C2B37BD4DD02}.Release|ARM.ActiveCfg = Release|ARM
		{8D0F394B-5AB8-4578-9323-C2B37BD4DD02}.Release|ARM.Build.0 = Release|ARM
		{8D0F394B-5AB8-4578-9323-C2B37BD4DD02}.Release|ARM.Deploy.0 = Release|ARM
		{8D0F394B-5AB8-4578-9323-C2B37BD4DD02}.Release|iPhone.ActiveCfg = Release|x86
		{8D0F394B-5AB8-4578-9323-C2B37BD4DD02}.Release|iPhone.Build.0 = Release|x86
		{8D0F394B-5AB8-4578-9323-C2B37BD4DD02}.Release|iPhone.Deploy.0 = Release|x86
		{8D0F394B-5AB8-4578-9323-C2B37BD4DD02}.Release|iPhoneSimulator.ActiveCfg = Release|x86
		{8D0F394B-5AB8-4578-9323-C2B37BD4DD02}.Release|iPhoneSimulator.Build.0 = Release|x86
		{8D0F394B-5AB8-4578-9323-C2B37BD4DD02}.Release|iPhoneSimulator.Deploy.0 = Release|x86
		{8D0F394B-5AB8-4578-9323-C2B37BD4DD02}.Release|x64.ActiveCfg = Release|x64
		{8D0F394B-5AB8-4578-9323-C2B37BD4DD02}.Release|x64.Build.0 = Release|x64
		{8D0F394B-5AB8-4578-9323-C2B37BD4DD02}.Release|x64.Deploy.0 = Release|x64
		{8D0F394B-5AB8-4578-9323-C2B37BD4DD02}.Release|x86.ActiveCfg = Release|x86
		{8D0F394B-5AB8-4578-9323-C2B37BD4DD02}.Release|x86.Build.0 = Release|x86
		{8D0F394B-5AB8-4578-9323-C2B37BD4DD02}.Release|x86.Deploy.0 = Release|x86
		{6C19E981-08A1-49D5-9FB7-A67010ECD595}.Ad-Hoc|Any CPU.ActiveCfg = Debug|Any CPU
		{6C19E981-08A1-49D5-9FB7-A67010ECD595}.Ad-Hoc|Any CPU.Build.0 = Debug|Any CPU
		{6C19E981-08A1-49D5-9FB7-A67010ECD595}.Ad-Hoc|Any CPU.Deploy.0 = Debug|Any CPU
		{6C19E981-08A1-49D5-9FB7-A67010ECD595}.Ad-Hoc|ARM.ActiveCfg = Debug|Any CPU
		{6C19E981-08A1-49D5-9FB7-A67010ECD595}.Ad-Hoc|ARM.Build.0 = Debug|Any CPU
		{6C19E981-08A1-49D5-9FB7-A67010ECD595}.Ad-Hoc|ARM.Deploy.0 = Debug|Any CPU
		{6C19E981-08A1-49D5-9FB7-A67010ECD595}.Ad-Hoc|iPhone.ActiveCfg = Debug|Any CPU
		{6C19E981-08A1-49D5-9FB7-A67010ECD595}.Ad-Hoc|iPhone.Build.0 = Debug|Any CPU
		{6C19E981-08A1-49D5-9FB7-A67010ECD595}.Ad-Hoc|iPhone.Deploy.0 = Debug|Any CPU
		{6C19E981-08A1-49D5-9FB7-A67010ECD595}.Ad-Hoc|iPhoneSimulator.ActiveCfg = Debug|Any CPU
		{6C19E981-08A1-49D5-9FB7-A67010ECD595}.Ad-Hoc|iPhoneSimulator.Build.0 = Debug|Any CPU
		{6C19E981-08A1-49D5-9FB7-A67010ECD595}.Ad-Hoc|iPhoneSimulator.Deploy.0 = Debug|Any CPU
		{6C19E981-08A1-49D5-9FB7-A67010ECD595}.Ad-Hoc|x64.ActiveCfg = Debug|Any CPU
		{6C19E981-08A1-49D5-9FB7-A67010ECD595}.Ad-Hoc|x64.Build.0 = Debug|Any CPU
		{6C19E981-08A1-49D5-9FB7-A67010ECD595}.Ad-Hoc|x64.Deploy.0 = Debug|Any CPU
		{6C19E981-08A1-49D5-9FB7-A67010ECD595}.Ad-Hoc|x86.ActiveCfg = Debug|Any CPU
		{6C19E981-08A1-49D5-9FB7-A67010ECD595}.Ad-Hoc|x86.Build.0 = Debug|Any CPU
		{6C19E981-08A1-49D5-9FB7-A67010ECD595}.Ad-Hoc|x86.Deploy.0 = Debug|Any CPU
		{6C19E981-08A1-49D5-9FB7-A67010ECD595}.AppStore|Any CPU.ActiveCfg = Debug|Any CPU
		{6C19E981-08A1-49D5-9FB7-A67010ECD595}.AppStore|Any CPU.Build.0 = Debug|Any CPU
		{6C19E981-08A1-49D5-9FB7-A67010ECD595}.AppStore|Any CPU.Deploy.0 = Debug|Any CPU
		{6C19E981-08A1-49D5-9FB7-A67010ECD595}.AppStore|ARM.ActiveCfg = Debug|Any CPU
		{6C19E981-08A1-49D5-9FB7-A67010ECD595}.AppStore|ARM.Build.0 = Debug|Any CPU
		{6C19E981-08A1-49D5-9FB7-A67010ECD595}.AppStore|ARM.Deploy.0 = Debug|Any CPU
		{6C19E981-08A1-49D5-9FB7-A67010ECD595}.AppStore|iPhone.ActiveCfg = Debug|Any CPU
		{6C19E981-08A1-49D5-9FB7-A67010ECD595}.AppStore|iPhone.Build.0 = Debug|Any CPU
		{6C19E981-08A1-49D5-9FB7-A67010ECD595}.AppStore|iPhone.Deploy.0 = Debug|Any CPU
		{6C19E981-08A1-49D5-9FB7-A67010ECD595}.AppStore|iPhoneSimulator.ActiveCfg = Debug|Any CPU
		{6C19E981-08A1-49D5-9FB7-A67010ECD595}.AppStore|iPhoneSimulator.Build.0 = Debug|Any CPU
		{6C19E981-08A1-49D5-9FB7-A67010ECD595}.AppStore|iPhoneSimulator.Deploy.0 = Debug|Any CPU
		{6C19E981-08A1-49D5-9FB7-A67010ECD595}.AppStore|x64.ActiveCfg = Debug|Any CPU
		{6C19E981-08A1-49D5-9FB7-A67010ECD595}.AppStore|x64.Build.0 = Debug|Any CPU
		{6C19E981-08A1-49D5-9FB7-A67010ECD595}.AppStore|x64.Deploy.0 = Debug|Any CPU
		{6C19E981-08A1-49D5-9FB7-A67010ECD595}.AppStore|x86.ActiveCfg = Debug|Any CPU
		{6C19E981-08A1-49D5-9FB7-A67010ECD595}.AppStore|x86.Build.0 = Debug|Any CPU
		{6C19E981-08A1-49D5-9FB7-A67010ECD595}.AppStore|x86.Deploy.0 = Debug|Any CPU
		{6C19E981-08A1-49D5-9FB7-A67010ECD595}.Debug|Any CPU.ActiveCfg = Debug|Any CPU
		{6C19E981-08A1-49D5-9FB7-A67010ECD595}.Debug|Any CPU.Build.0 = Debug|Any CPU
		{6C19E981-08A1-49D5-9FB7-A67010ECD595}.Debug|Any CPU.Deploy.0 = Debug|Any CPU
		{6C19E981-08A1-49D5-9FB7-A67010ECD595}.Debug|ARM.ActiveCfg = Debug|Any CPU
		{6C19E981-08A1-49D5-9FB7-A67010ECD595}.Debug|ARM.Build.0 = Debug|Any CPU
		{6C19E981-08A1-49D5-9FB7-A67010ECD595}.Debug|ARM.Deploy.0 = Debug|Any CPU
		{6C19E981-08A1-49D5-9FB7-A67010ECD595}.Debug|iPhone.ActiveCfg = Debug|Any CPU
		{6C19E981-08A1-49D5-9FB7-A67010ECD595}.Debug|iPhone.Build.0 = Debug|Any CPU
		{6C19E981-08A1-49D5-9FB7-A67010ECD595}.Debug|iPhone.Deploy.0 = Debug|Any CPU
		{6C19E981-08A1-49D5-9FB7-A67010ECD595}.Debug|iPhoneSimulator.ActiveCfg = Debug|Any CPU
		{6C19E981-08A1-49D5-9FB7-A67010ECD595}.Debug|iPhoneSimulator.Build.0 = Debug|Any CPU
		{6C19E981-08A1-49D5-9FB7-A67010ECD595}.Debug|iPhoneSimulator.Deploy.0 = Debug|Any CPU
		{6C19E981-08A1-49D5-9FB7-A67010ECD595}.Debug|x64.ActiveCfg = Debug|Any CPU
		{6C19E981-08A1-49D5-9FB7-A67010ECD595}.Debug|x64.Build.0 = Debug|Any CPU
		{6C19E981-08A1-49D5-9FB7-A67010ECD595}.Debug|x64.Deploy.0 = Debug|Any CPU
		{6C19E981-08A1-49D5-9FB7-A67010ECD595}.Debug|x86.ActiveCfg = Debug|Any CPU
		{6C19E981-08A1-49D5-9FB7-A67010ECD595}.Debug|x86.Build.0 = Debug|Any CPU
		{6C19E981-08A1-49D5-9FB7-A67010ECD595}.Debug|x86.Deploy.0 = Debug|Any CPU
		{6C19E981-08A1-49D5-9FB7-A67010ECD595}.Release|Any CPU.ActiveCfg = Release|Any CPU
		{6C19E981-08A1-49D5-9FB7-A67010ECD595}.Release|Any CPU.Build.0 = Release|Any CPU
		{6C19E981-08A1-49D5-9FB7-A67010ECD595}.Release|Any CPU.Deploy.0 = Release|Any CPU
		{6C19E981-08A1-49D5-9FB7-A67010ECD595}.Release|ARM.ActiveCfg = Release|Any CPU
		{6C19E981-08A1-49D5-9FB7-A67010ECD595}.Release|ARM.Build.0 = Release|Any CPU
		{6C19E981-08A1-49D5-9FB7-A67010ECD595}.Release|ARM.Deploy.0 = Release|Any CPU
		{6C19E981-08A1-49D5-9FB7-A67010ECD595}.Release|iPhone.ActiveCfg = Release|Any CPU
		{6C19E981-08A1-49D5-9FB7-A67010ECD595}.Release|iPhone.Build.0 = Release|Any CPU
		{6C19E981-08A1-49D5-9FB7-A67010ECD595}.Release|iPhone.Deploy.0 = Release|Any CPU
		{6C19E981-08A1-49D5-9FB7-A67010ECD595}.Release|iPhoneSimulator.ActiveCfg = Release|Any CPU
		{6C19E981-08A1-49D5-9FB7-A67010ECD595}.Release|iPhoneSimulator.Build.0 = Release|Any CPU
		{6C19E981-08A1-49D5-9FB7-A67010ECD595}.Release|iPhoneSimulator.Deploy.0 = Release|Any CPU
		{6C19E981-08A1-49D5-9FB7-A67010ECD595}.Release|x64.ActiveCfg = Release|Any CPU
		{6C19E981-08A1-49D5-9FB7-A67010ECD595}.Release|x64.Build.0 = Release|Any CPU
		{6C19E981-08A1-49D5-9FB7-A67010ECD595}.Release|x64.Deploy.0 = Release|Any CPU
		{6C19E981-08A1-49D5-9FB7-A67010ECD595}.Release|x86.ActiveCfg = Release|Any CPU
		{6C19E981-08A1-49D5-9FB7-A67010ECD595}.Release|x86.Build.0 = Release|Any CPU
		{6C19E981-08A1-49D5-9FB7-A67010ECD595}.Release|x86.Deploy.0 = Release|Any CPU
	EndGlobalSection
	GlobalSection(SolutionProperties) = preSolution
		HideSolutionNode = FALSE
	EndGlobalSection
	GlobalSection(ExtensibilityGlobals) = postSolution
		SolutionGuid = {D6688B37-1F06-4187-90FF-387BD3E09630}
	EndGlobalSection
EndGlobal
